
Microsoft Visual Studio Solution File, Format Version 12.00
# Visual Studio Version 17
VisualStudioVersion = 17.5.33516.290
MinimumVisualStudioVersion = 10.0.40219.1
Project("{FAE04EC0-301F-11D3-BF4B-00C04F79EFBC}") = "FileCSharp", "FileCSharp\FileCSharp.csproj", "{1C235D0D-E9AB-4D84-BB7E-E07AB431D148}"
EndProject
Project("{FAE04EC0-301F-11D3-BF4B-00C04F79EFBC}") = "BT3_File", "BT3_File\BT3_File.csproj", "{6E7F4A16-3917-4BB9-942B-A3DB045BDE75}"
EndProject
Project("{FAE04EC0-301F-11D3-BF4B-00C04F79EFBC}") = "BT4_File", "BT4_File\BT4_File.csproj", "{E8EE77DB-F5A3-4A8B-BD8C-3EF31F391FC7}"
EndProject
Global
	GlobalSection(SolutionConfigurationPlatforms) = preSolution
		Debug|Any CPU = Debug|Any CPU
		Release|Any CPU = Release|Any CPU
	EndGlobalSection
	GlobalSection(ProjectConfigurationPlatforms) = postSolution
		{1C235D0D-E9AB-4D84-BB7E-E07AB431D148}.Debug|Any CPU.ActiveCfg = Debug|Any CPU
		{1C235D0D-E9AB-4D84-BB7E-E07AB431D148}.Debug|Any CPU.Build.0 = Debug|Any CPU
		{1C235D0D-E9AB-4D84-BB7E-E07AB431D148}.Release|Any CPU.ActiveCfg = Release|Any CPU
		{1C235D0D-E9AB-4D84-BB7E-E07AB431D148}.Release|Any CPU.Build.0 = Release|Any CPU
		{6E7F4A16-3917-4BB9-942B-A3DB045BDE75}.Debug|Any CPU.ActiveCfg = Debug|Any CPU
		{6E7F4A16-3917-4BB9-942B-A3DB045BDE75}.Debug|Any CPU.Build.0 = Debug|Any CPU
		{6E7F4A16-3917-4BB9-942B-A3DB045BDE75}.Release|Any CPU.ActiveCfg = Release|Any CPU
		{6E7F4A16-3917-4BB9-942B-A3DB045BDE75}.Release|Any CPU.Build.0 = Release|Any CPU
		{E8EE77DB-F5A3-4A8B-BD8C-3EF31F391FC7}.Debug|Any CPU.ActiveCfg = Debug|Any CPU
		{E8EE77DB-F5A3-4A8B-BD8C-3EF31F391FC7}.Debug|Any CPU.Build.0 = Debug|Any CPU
		{E8EE77DB-F5A3-4A8B-BD8C-3EF31F391FC7}.Release|Any CPU.ActiveCfg = Release|Any CPU
		{E8EE77DB-F5A3-4A8B-BD8C-3EF31F391FC7}.Release|Any CPU.Build.0 = Release|Any CPU
	EndGlobalSection
	GlobalSection(SolutionProperties) = preSolution
		HideSolutionNode = FALSE
	EndGlobalSection
	GlobalSection(ExtensibilityGlobals) = postSolution
		SolutionGuid = {601C551E-7996-4C17-B060-33CECAF47D5A}
	EndGlobalSection
EndGlobal
