
Microsoft Visual Studio Solution File, Format Version 12.00
# Visual Studio 14
VisualStudioVersion = 14.0.25420.1
MinimumVisualStudioVersion = 10.0.40219.1
Project("{FAE04EC0-301F-11D3-BF4B-00C04F79EFBC}") = "BTLinkedList", "BTLinkedList\BTLinkedList.csproj", "{B128F7A7-1CCC-4C39-933E-7EF0BD00FEDB}"
EndProject
Project("{FAE04EC0-301F-11D3-BF4B-00C04F79EFBC}") = "BT_On", "BT_On\BT_On.csproj", "{0B9B2995-63D6-4C56-A5BC-2DBA4006AE92}"
EndProject
Global
	GlobalSection(SolutionConfigurationPlatforms) = preSolution
		Debug|Any CPU = Debug|Any CPU
		Release|Any CPU = Release|Any CPU
	EndGlobalSection
	GlobalSection(ProjectConfigurationPlatforms) = postSolution
		{B128F7A7-1CCC-4C39-933E-7EF0BD00FEDB}.Debug|Any CPU.ActiveCfg = Debug|Any CPU
		{B128F7A7-1CCC-4C39-933E-7EF0BD00FEDB}.Debug|Any CPU.Build.0 = Debug|Any CPU
		{B128F7A7-1CCC-4C39-933E-7EF0BD00FEDB}.Release|Any CPU.ActiveCfg = Release|Any CPU
		{B128F7A7-1CCC-4C39-933E-7EF0BD00FEDB}.Release|Any CPU.Build.0 = Release|Any CPU
		{0B9B2995-63D6-4C56-A5BC-2DBA4006AE92}.Debug|Any CPU.ActiveCfg = Debug|Any CPU
		{0B9B2995-63D6-4C56-A5BC-2DBA4006AE92}.Debug|Any CPU.Build.0 = Debug|Any CPU
		{0B9B2995-63D6-4C56-A5BC-2DBA4006AE92}.Release|Any CPU.ActiveCfg = Release|Any CPU
		{0B9B2995-63D6-4C56-A5BC-2DBA4006AE92}.Release|Any CPU.Build.0 = Release|Any CPU
	EndGlobalSection
	GlobalSection(SolutionProperties) = preSolution
		HideSolutionNode = FALSE
	EndGlobalSection
EndGlobal
