
Microsoft Visual Studio Solution File, Format Version 12.00
# Visual Studio 14
VisualStudioVersion = 14.0.25420.1
MinimumVisualStudioVersion = 10.0.40219.1
Project("{FAE04EC0-301F-11D3-BF4B-00C04F79EFBC}") = "EXE4_C2", "EXE4_C2\EXE4_C2.csproj", "{F2BE18AC-308A-4291-8719-6B311292C322}"
EndProject
Project("{FAE04EC0-301F-11D3-BF4B-00C04F79EFBC}") = "EXE2_DE3", "..\EXE2_DE3\EXE2_DE3.csproj", "{45D4270C-5F03-4898-9403-63D2B5377C78}"
EndProject
Project("{FAE04EC0-301F-11D3-BF4B-00C04F79EFBC}") = "EXE2_DE4", "..\EXE2_D4\EXE2_DE4.csproj", "{857364F9-83E2-4463-B68C-011631CB4E03}"
EndProject
Global
	GlobalSection(SolutionConfigurationPlatforms) = preSolution
		Debug|Any CPU = Debug|Any CPU
		Release|Any CPU = Release|Any CPU
	EndGlobalSection
	GlobalSection(ProjectConfigurationPlatforms) = postSolution
		{F2BE18AC-308A-4291-8719-6B311292C322}.Debug|Any CPU.ActiveCfg = Debug|Any CPU
		{F2BE18AC-308A-4291-8719-6B311292C322}.Debug|Any CPU.Build.0 = Debug|Any CPU
		{F2BE18AC-308A-4291-8719-6B311292C322}.Release|Any CPU.ActiveCfg = Release|Any CPU
		{F2BE18AC-308A-4291-8719-6B311292C322}.Release|Any CPU.Build.0 = Release|Any CPU
		{45D4270C-5F03-4898-9403-63D2B5377C78}.Debug|Any CPU.ActiveCfg = Debug|Any CPU
		{45D4270C-5F03-4898-9403-63D2B5377C78}.Debug|Any CPU.Build.0 = Debug|Any CPU
		{45D4270C-5F03-4898-9403-63D2B5377C78}.Release|Any CPU.ActiveCfg = Release|Any CPU
		{45D4270C-5F03-4898-9403-63D2B5377C78}.Release|Any CPU.Build.0 = Release|Any CPU
		{857364F9-83E2-4463-B68C-011631CB4E03}.Debug|Any CPU.ActiveCfg = Debug|Any CPU
		{857364F9-83E2-4463-B68C-011631CB4E03}.Debug|Any CPU.Build.0 = Debug|Any CPU
		{857364F9-83E2-4463-B68C-011631CB4E03}.Release|Any CPU.ActiveCfg = Release|Any CPU
		{857364F9-83E2-4463-B68C-011631CB4E03}.Release|Any CPU.Build.0 = Release|Any CPU
	EndGlobalSection
	GlobalSection(SolutionProperties) = preSolution
		HideSolutionNode = FALSE
	EndGlobalSection
EndGlobal
